
Microsoft Visual Studio Solution File, Format Version 12.00
# Visual Studio Version 18
VisualStudioVersion = 18.0.11217.181
MinimumVisualStudioVersion = 10.0.40219.1
Project("{FAE04EC0-301F-11D3-BF4B-00C04F79EFBC}") = "Utils", "Utils\Utils.csproj", "{ACB8B48D-60EA-4604-824B-792928FC366E}"
EndProject
Project("{2150E333-8FDC-42A3-9474-1A3956D46DE8}") = "Solution Items", "Solution Items", "{8EC462FD-D22E-90A8-E5CE-7E832BA40C5D}"
	ProjectSection(SolutionItems) = preProject
		AGENTS.md = AGENTS.md
		DEVELOPMENT.md = DEVELOPMENT.md
		README.md = README.md
		SKILL.md = SKILL.md
		SqlServerPM.sql = SqlServerPM.sql
	EndProjectSection
EndProject
Project("{FAE04EC0-301F-11D3-BF4B-00C04F79EFBC}") = "WebApi", "WebApi\WebApi.csproj", "{D2512BFA-654A-4E1D-8FD8-1F4493213476}"
EndProject
Project("{FAE04EC0-301F-11D3-BF4B-00C04F79EFBC}") = "WebApiPM.Domain", "WebApiPM.Domain\WebApiPM.Domain.csproj", "{79FD505E-0FE9-4D4A-97BB-051920814E5F}"
EndProject
Project("{FAE04EC0-301F-11D3-BF4B-00C04F79EFBC}") = "WebApiPM.Application", "WebApiPM.Application\WebApiPM.Application.csproj", "{7029EFA9-1682-402E-BCD6-02F0A6442D2E}"
EndProject
Project("{FAE04EC0-301F-11D3-BF4B-00C04F79EFBC}") = "WebApiPM.Infrastructure", "WebApiPM.Infrastructure\WebApiPM.Infrastructure.csproj", "{1115D3D4-E457-4B8E-B8B9-7F8BFE706A76}"
EndProject
Project("{FAE04EC0-301F-11D3-BF4B-00C04F79EFBC}") = "WebApiPM.Tests", "WebApiPM.Tests\WebApiPM.Tests.csproj", "{D3B6466F-8E2A-4097-B5D7-DDB5A5C4C25D}"
EndProject
Global
	GlobalSection(SolutionConfigurationPlatforms) = preSolution
		Debug|Any CPU = Debug|Any CPU
		Release|Any CPU = Release|Any CPU
	EndGlobalSection
	GlobalSection(ProjectConfigurationPlatforms) = postSolution
		{ACB8B48D-60EA-4604-824B-792928FC366E}.Debug|Any CPU.ActiveCfg = Debug|Any CPU
		{ACB8B48D-60EA-4604-824B-792928FC366E}.Debug|Any CPU.Build.0 = Debug|Any CPU
		{ACB8B48D-60EA-4604-824B-792928FC366E}.Release|Any CPU.ActiveCfg = Release|Any CPU
		{ACB8B48D-60EA-4604-824B-792928FC366E}.Release|Any CPU.Build.0 = Release|Any CPU
		{D2512BFA-654A-4E1D-8FD8-1F4493213476}.Debug|Any CPU.ActiveCfg = Debug|Any CPU
		{D2512BFA-654A-4E1D-8FD8-1F4493213476}.Debug|Any CPU.Build.0 = Debug|Any CPU
		{D2512BFA-654A-4E1D-8FD8-1F4493213476}.Release|Any CPU.ActiveCfg = Release|Any CPU
		{D2512BFA-654A-4E1D-8FD8-1F4493213476}.Release|Any CPU.Build.0 = Release|Any CPU
		{79FD505E-0FE9-4D4A-97BB-051920814E5F}.Debug|Any CPU.ActiveCfg = Debug|Any CPU
		{79FD505E-0FE9-4D4A-97BB-051920814E5F}.Debug|Any CPU.Build.0 = Debug|Any CPU
		{79FD505E-0FE9-4D4A-97BB-051920814E5F}.Release|Any CPU.ActiveCfg = Release|Any CPU
		{79FD505E-0FE9-4D4A-97BB-051920814E5F}.Release|Any CPU.Build.0 = Release|Any CPU
		{7029EFA9-1682-402E-BCD6-02F0A6442D2E}.Debug|Any CPU.ActiveCfg = Debug|Any CPU
		{7029EFA9-1682-402E-BCD6-02F0A6442D2E}.Debug|Any CPU.Build.0 = Debug|Any CPU
		{7029EFA9-1682-402E-BCD6-02F0A6442D2E}.Release|Any CPU.ActiveCfg = Release|Any CPU
		{7029EFA9-1682-402E-BCD6-02F0A6442D2E}.Release|Any CPU.Build.0 = Release|Any CPU
		{1115D3D4-E457-4B8E-B8B9-7F8BFE706A76}.Debug|Any CPU.ActiveCfg = Debug|Any CPU
		{1115D3D4-E457-4B8E-B8B9-7F8BFE706A76}.Debug|Any CPU.Build.0 = Debug|Any CPU
		{1115D3D4-E457-4B8E-B8B9-7F8BFE706A76}.Release|Any CPU.ActiveCfg = Release|Any CPU
		{1115D3D4-E457-4B8E-B8B9-7F8BFE706A76}.Release|Any CPU.Build.0 = Release|Any CPU
		{D3B6466F-8E2A-4097-B5D7-DDB5A5C4C25D}.Debug|Any CPU.ActiveCfg = Debug|Any CPU
		{D3B6466F-8E2A-4097-B5D7-DDB5A5C4C25D}.Debug|Any CPU.Build.0 = Debug|Any CPU
		{D3B6466F-8E2A-4097-B5D7-DDB5A5C4C25D}.Release|Any CPU.ActiveCfg = Release|Any CPU
		{D3B6466F-8E2A-4097-B5D7-DDB5A5C4C25D}.Release|Any CPU.Build.0 = Release|Any CPU
	EndGlobalSection
	GlobalSection(SolutionProperties) = preSolution
		HideSolutionNode = FALSE
	EndGlobalSection
	GlobalSection(ExtensibilityGlobals) = postSolution
		SolutionGuid = {A9F9F333-4656-43FB-A017-CCD691A8DB53}
	EndGlobalSection
EndGlobal
